// !$*UTF8*$!
{
	archiveVersion = 1;
	classes = {
	};
	objectVersion = 51;
	objects = {

/* Begin PBXBuildFile section */
		0D6FC1EF240CA02B009A2616 /* AppDelegate.swift in Sources */ = {isa = PBXBuildFile; fileRef = 0D6FC1EE240CA02B009A2616 /* AppDelegate.swift */; };
		0D6FC1F1240CA02B009A2616 /* SceneDelegate.swift in Sources */ = {isa = PBXBuildFile; fileRef = 0D6FC1F0240CA02B009A2616 /* SceneDelegate.swift */; };
		0D6FC1F6240CA02B009A2616 /* Main.storyboard in Resources */ = {isa = PBXBuildFile; fileRef = 0D6FC1F4240CA02B009A2616 /* Main.storyboard */; };
		0D6FC1F8240CA030009A2616 /* Assets.xcassets in Resources */ = {isa = PBXBuildFile; fileRef = 0D6FC1F7240CA030009A2616 /* Assets.xcassets */; };
		0D6FC1FB240CA030009A2616 /* LaunchScreen.storyboard in Resources */ = {isa = PBXBuildFile; fileRef = 0D6FC1F9240CA030009A2616 /* LaunchScreen.storyboard */; };
		0D6FC206240CA030009A2616 /* ParstagramTests.swift in Sources */ = {isa = PBXBuildFile; fileRef = 0D6FC205240CA030009A2616 /* ParstagramTests.swift */; };
		0D6FC211240CA031009A2616 /* ParstagramUITests.swift in Sources */ = {isa = PBXBuildFile; fileRef = 0D6FC210240CA031009A2616 /* ParstagramUITests.swift */; };
		0D6FC21F240CBA7E009A2616 /* LoginViewController.swift in Sources */ = {isa = PBXBuildFile; fileRef = 0D6FC21E240CBA7E009A2616 /* LoginViewController.swift */; };
		0D6FC221240CBA8D009A2616 /* FeedViewController.swift in Sources */ = {isa = PBXBuildFile; fileRef = 0D6FC220240CBA8D009A2616 /* FeedViewController.swift */; };
		0D6FC223240CC652009A2616 /* CameraViewController.swift in Sources */ = {isa = PBXBuildFile; fileRef = 0D6FC222240CC651009A2616 /* CameraViewController.swift */; };
		74C67458AD641277EA8160AE /* Pods_Parstagram_ParstagramUITests.framework in Frameworks */ = {isa = PBXBuildFile; fileRef = A76EC408DF0C66D03645E8BD /* Pods_Parstagram_ParstagramUITests.framework */; };
		8C05B64DC7EFA269CE2C244D /* Pods_Parstagram.framework in Frameworks */ = {isa = PBXBuildFile; fileRef = 4C86F75198CFC86715026EAB /* Pods_Parstagram.framework */; };
		C1DE276AB6919033DB69015A /* Pods_ParstagramTests.framework in Frameworks */ = {isa = PBXBuildFile; fileRef = 4473840DE1928DC374E55895 /* Pods_ParstagramTests.framework */; };
/* End PBXBuildFile section */

/* Begin PBXContainerItemProxy section */
		0D6FC202240CA030009A2616 /* PBXContainerItemProxy */ = {
			isa = PBXContainerItemProxy;
			containerPortal = 0D6FC1E3240CA02B009A2616 /* Project object */;
			proxyType = 1;
			remoteGlobalIDString = 0D6FC1EA240CA02B009A2616;
			remoteInfo = Parstagram;
		};
		0D6FC20D240CA031009A2616 /* PBXContainerItemProxy */ = {
			isa = PBXContainerItemProxy;
			containerPortal = 0D6FC1E3240CA02B009A2616 /* Project object */;
			proxyType = 1;
			remoteGlobalIDString = 0D6FC1EA240CA02B009A2616;
			remoteInfo = Parstagram;
		};
/* End PBXContainerItemProxy section */

/* Begin PBXFileReference section */
		0BE30238699CB8A9523807EB /* Pods-Parstagram.release.xcconfig */ = {isa = PBXFileReference; includeInIndex = 1; lastKnownFileType = text.xcconfig; name = "Pods-Parstagram.release.xcconfig"; path = "Target Support Files/Pods-Parstagram/Pods-Parstagram.release.xcconfig"; sourceTree = "<group>"; };
		0D6FC1EB240CA02B009A2616 /* Parstagram.app */ = {isa = PBXFileReference; explicitFileType = wrapper.application; includeInIndex = 0; path = Parstagram.app; sourceTree = BUILT_PRODUCTS_DIR; };
		0D6FC1EE240CA02B009A2616 /* AppDelegate.swift */ = {isa = PBXFileReference; lastKnownFileType = sourcecode.swift; path = AppDelegate.swift; sourceTree = "<group>"; };
		0D6FC1F0240CA02B009A2616 /* SceneDelegate.swift */ = {isa = PBXFileReference; lastKnownFileType = sourcecode.swift; path = SceneDelegate.swift; sourceTree = "<group>"; };
		0D6FC1F5240CA02B009A2616 /* Base */ = {isa = PBXFileReference; lastKnownFileType = file.storyboard; name = Base; path = Base.lproj/Main.storyboard; sourceTree = "<group>"; };
		0D6FC1F7240CA030009A2616 /* Assets.xcassets */ = {isa = PBXFileReference; lastKnownFileType = folder.assetcatalog; path = Assets.xcassets; sourceTree = "<group>"; };
		0D6FC1FA240CA030009A2616 /* Base */ = {isa = PBXFileReference; lastKnownFileType = file.storyboard; name = Base; path = Base.lproj/LaunchScreen.storyboard; sourceTree = "<group>"; };
		0D6FC1FC240CA030009A2616 /* Info.plist */ = {isa = PBXFileReference; lastKnownFileType = text.plist.xml; path = Info.plist; sourceTree = "<group>"; };
		0D6FC201240CA030009A2616 /* ParstagramTests.xctest */ = {isa = PBXFileReference; explicitFileType = wrapper.cfbundle; includeInIndex = 0; path = ParstagramTests.xctest; sourceTree = BUILT_PRODUCTS_DIR; };
		0D6FC205240CA030009A2616 /* ParstagramTests.swift */ = {isa = PBXFileReference; lastKnownFileType = sourcecode.swift; path = ParstagramTests.swift; sourceTree = "<group>"; };
		0D6FC207240CA030009A2616 /* Info.plist */ = {isa = PBXFileReference; lastKnownFileType = text.plist.xml; path = Info.plist; sourceTree = "<group>"; };
		0D6FC20C240CA031009A2616 /* ParstagramUITests.xctest */ = {isa = PBXFileReference; explicitFileType = wrapper.cfbundle; includeInIndex = 0; path = ParstagramUITests.xctest; sourceTree = BUILT_PRODUCTS_DIR; };
		0D6FC210240CA031009A2616 /* ParstagramUITests.swift */ = {isa = PBXFileReference; lastKnownFileType = sourcecode.swift; path = ParstagramUITests.swift; sourceTree = "<group>"; };
		0D6FC212240CA031009A2616 /* Info.plist */ = {isa = PBXFileReference; lastKnownFileType = text.plist.xml; path = Info.plist; sourceTree = "<group>"; };
		0D6FC21E240CBA7E009A2616 /* LoginViewController.swift */ = {isa = PBXFileReference; lastKnownFileType = sourcecode.swift; path = LoginViewController.swift; sourceTree = "<group>"; };
		0D6FC220240CBA8D009A2616 /* FeedViewController.swift */ = {isa = PBXFileReference; lastKnownFileType = sourcecode.swift; path = FeedViewController.swift; sourceTree = "<group>"; };
		0D6FC222240CC651009A2616 /* CameraViewController.swift */ = {isa = PBXFileReference; lastKnownFileType = sourcecode.swift; path = CameraViewController.swift; sourceTree = "<group>"; };
		2141687793A82EC0855C7D84 /* Pods-Parstagram.debug.xcconfig */ = {isa = PBXFileReference; includeInIndex = 1; lastKnownFileType = text.xcconfig; name = "Pods-Parstagram.debug.xcconfig"; path = "Target Support Files/Pods-Parstagram/Pods-Parstagram.debug.xcconfig"; sourceTree = "<group>"; };
		318851115D75C81DF8B706EF /* Pods-Parstagram-ParstagramUITests.release.xcconfig */ = {isa = PBXFileReference; includeInIndex = 1; lastKnownFileType = text.xcconfig; name = "Pods-Parstagram-ParstagramUITests.release.xcconfig"; path = "Target Support Files/Pods-Parstagram-ParstagramUITests/Pods-Parstagram-ParstagramUITests.release.xcconfig"; sourceTree = "<group>"; };
		4473840DE1928DC374E55895 /* Pods_ParstagramTests.framework */ = {isa = PBXFileReference; explicitFileType = wrapper.framework; includeInIndex = 0; path = Pods_ParstagramTests.framework; sourceTree = BUILT_PRODUCTS_DIR; };
		4C86F75198CFC86715026EAB /* Pods_Parstagram.framework */ = {isa = PBXFileReference; explicitFileType = wrapper.framework; includeInIndex = 0; path = Pods_Parstagram.framework; sourceTree = BUILT_PRODUCTS_DIR; };
		7538FB687CE6A7C67A12FF5F /* Pods-ParstagramTests.release.xcconfig */ = {isa = PBXFileReference; includeInIndex = 1; lastKnownFileType = text.xcconfig; name = "Pods-ParstagramTests.release.xcconfig"; path = "Target Support Files/Pods-ParstagramTests/Pods-ParstagramTests.release.xcconfig"; sourceTree = "<group>"; };
		A76EC408DF0C66D03645E8BD /* Pods_Parstagram_ParstagramUITests.framework */ = {isa = PBXFileReference; explicitFileType = wrapper.framework; includeInIndex = 0; path = Pods_Parstagram_ParstagramUITests.framework; sourceTree = BUILT_PRODUCTS_DIR; };
		D2749E64659AA0D15758132A /* Pods-ParstagramTests.debug.xcconfig */ = {isa = PBXFileReference; includeInIndex = 1; lastKnownFileType = text.xcconfig; name = "Pods-ParstagramTests.debug.xcconfig"; path = "Target Support Files/Pods-ParstagramTests/Pods-ParstagramTests.debug.xcconfig"; sourceTree = "<group>"; };
		D3F50322165835AF080BD73F /* Pods-Parstagram-ParstagramUITests.debug.xcconfig */ = {isa = PBXFileReference; includeInIndex = 1; lastKnownFileType = text.xcconfig; name = "Pods-Parstagram-ParstagramUITests.debug.xcconfig"; path = "Target Support Files/Pods-Parstagram-ParstagramUITests/Pods-Parstagram-ParstagramUITests.debug.xcconfig"; sourceTree = "<group>"; };
/* End PBXFileReference section */

/* Begin PBXFrameworksBuildPhase section */
		0D6FC1E8240CA02B009A2616 /* Frameworks */ = {
			isa = PBXFrameworksBuildPhase;
			buildActionMask = 2147483647;
			files = (
				8C05B64DC7EFA269CE2C244D /* Pods_Parstagram.framework in Frameworks */,
			);
			runOnlyForDeploymentPostprocessing = 0;
		};
		0D6FC1FE240CA030009A2616 /* Frameworks */ = {
			isa = PBXFrameworksBuildPhase;
			buildActionMask = 2147483647;
			files = (
				C1DE276AB6919033DB69015A /* Pods_ParstagramTests.framework in Frameworks */,
			);
			runOnlyForDeploymentPostprocessing = 0;
		};
		0D6FC209240CA031009A2616 /* Frameworks */ = {
			isa = PBXFrameworksBuildPhase;
			buildActionMask = 2147483647;
			files = (
				74C67458AD641277EA8160AE /* Pods_Parstagram_ParstagramUITests.framework in Frameworks */,
			);
			runOnlyForDeploymentPostprocessing = 0;
		};
/* End PBXFrameworksBuildPhase section */

/* Begin PBXGroup section */
		0617D05BC6B9799EBF190AF8 /* Frameworks */ = {
			isa = PBXGroup;
			children = (
				4C86F75198CFC86715026EAB /* Pods_Parstagram.framework */,
				A76EC408DF0C66D03645E8BD /* Pods_Parstagram_ParstagramUITests.framework */,
				4473840DE1928DC374E55895 /* Pods_ParstagramTests.framework */,
			);
			name = Frameworks;
			sourceTree = "<group>";
		};
		0D6FC1E2240CA02B009A2616 = {
			isa = PBXGroup;
			children = (
				0D6FC1ED240CA02B009A2616 /* Parstagram */,
				0D6FC204240CA030009A2616 /* ParstagramTests */,
				0D6FC20F240CA031009A2616 /* ParstagramUITests */,
				0D6FC1EC240CA02B009A2616 /* Products */,
				5A8AC604F6C5C08E7A44289A /* Pods */,
				0617D05BC6B9799EBF190AF8 /* Frameworks */,
			);
			sourceTree = "<group>";
		};
		0D6FC1EC240CA02B009A2616 /* Products */ = {
			isa = PBXGroup;
			children = (
				0D6FC1EB240CA02B009A2616 /* Parstagram.app */,
				0D6FC201240CA030009A2616 /* ParstagramTests.xctest */,
				0D6FC20C240CA031009A2616 /* ParstagramUITests.xctest */,
			);
			name = Products;
			sourceTree = "<group>";
		};
		0D6FC1ED240CA02B009A2616 /* Parstagram */ = {
			isa = PBXGroup;
			children = (
				0D6FC1EE240CA02B009A2616 /* AppDelegate.swift */,
				0D6FC1F0240CA02B009A2616 /* SceneDelegate.swift */,
				0D6FC1F4240CA02B009A2616 /* Main.storyboard */,
				0D6FC222240CC651009A2616 /* CameraViewController.swift */,
				0D6FC21E240CBA7E009A2616 /* LoginViewController.swift */,
				0D6FC220240CBA8D009A2616 /* FeedViewController.swift */,
				0D6FC1F7240CA030009A2616 /* Assets.xcassets */,
				0D6FC1F9240CA030009A2616 /* LaunchScreen.storyboard */,
				0D6FC1FC240CA030009A2616 /* Info.plist */,
			);
			path = Parstagram;
			sourceTree = "<group>";
		};
		0D6FC204240CA030009A2616 /* ParstagramTests */ = {
			isa = PBXGroup;
			children = (
				0D6FC205240CA030009A2616 /* ParstagramTests.swift */,
				0D6FC207240CA030009A2616 /* Info.plist */,
			);
			path = ParstagramTests;
			sourceTree = "<group>";
		};
		0D6FC20F240CA031009A2616 /* ParstagramUITests */ = {
			isa = PBXGroup;
			children = (
				0D6FC210240CA031009A2616 /* ParstagramUITests.swift */,
				0D6FC212240CA031009A2616 /* Info.plist */,
			);
			path = ParstagramUITests;
			sourceTree = "<group>";
		};
		5A8AC604F6C5C08E7A44289A /* Pods */ = {
			isa = PBXGroup;
			children = (
				2141687793A82EC0855C7D84 /* Pods-Parstagram.debug.xcconfig */,
				0BE30238699CB8A9523807EB /* Pods-Parstagram.release.xcconfig */,
				D3F50322165835AF080BD73F /* Pods-Parstagram-ParstagramUITests.debug.xcconfig */,
				318851115D75C81DF8B706EF /* Pods-Parstagram-ParstagramUITests.release.xcconfig */,
				D2749E64659AA0D15758132A /* Pods-ParstagramTests.debug.xcconfig */,
				7538FB687CE6A7C67A12FF5F /* Pods-ParstagramTests.release.xcconfig */,
			);
			path = Pods;
			sourceTree = "<group>";
		};
/* End PBXGroup section */

/* Begin PBXNativeTarget section */
		0D6FC1EA240CA02B009A2616 /* Parstagram */ = {
			isa = PBXNativeTarget;
			buildConfigurationList = 0D6FC215240CA031009A2616 /* Build configuration list for PBXNativeTarget "Parstagram" */;
			buildPhases = (
				D135DA22AB6F772EB4B0CE19 /* [CP] Check Pods Manifest.lock */,
				0D6FC1E7240CA02B009A2616 /* Sources */,
				0D6FC1E8240CA02B009A2616 /* Frameworks */,
				0D6FC1E9240CA02B009A2616 /* Resources */,
				DE7443577C2C8730285AA1F6 /* [CP] Embed Pods Frameworks */,
			);
			buildRules = (
			);
			dependencies = (
			);
			name = Parstagram;
			productName = Parstagram;
			productReference = 0D6FC1EB240CA02B009A2616 /* Parstagram.app */;
			productType = "com.apple.product-type.application";
		};
		0D6FC200240CA030009A2616 /* ParstagramTests */ = {
			isa = PBXNativeTarget;
			buildConfigurationList = 0D6FC218240CA031009A2616 /* Build configuration list for PBXNativeTarget "ParstagramTests" */;
			buildPhases = (
				20696CE6E2761CE88CBB6229 /* [CP] Check Pods Manifest.lock */,
				0D6FC1FD240CA030009A2616 /* Sources */,
				0D6FC1FE240CA030009A2616 /* Frameworks */,
				0D6FC1FF240CA030009A2616 /* Resources */,
			);
			buildRules = (
			);
			dependencies = (
				0D6FC203240CA030009A2616 /* PBXTargetDependency */,
			);
			name = ParstagramTests;
			productName = ParstagramTests;
			productReference = 0D6FC201240CA030009A2616 /* ParstagramTests.xctest */;
			productType = "com.apple.product-type.bundle.unit-test";
		};
		0D6FC20B240CA031009A2616 /* ParstagramUITests */ = {
			isa = PBXNativeTarget;
			buildConfigurationList = 0D6FC21B240CA031009A2616 /* Build configuration list for PBXNativeTarget "ParstagramUITests" */;
			buildPhases = (
				C4847145D858B3AF81A34768 /* [CP] Check Pods Manifest.lock */,
				0D6FC208240CA031009A2616 /* Sources */,
				0D6FC209240CA031009A2616 /* Frameworks */,
				0D6FC20A240CA031009A2616 /* Resources */,
				AB014439F7ABEA41EB4380BD /* [CP] Embed Pods Frameworks */,
			);
			buildRules = (
			);
			dependencies = (
				0D6FC20E240CA031009A2616 /* PBXTargetDependency */,
			);
			name = ParstagramUITests;
			productName = ParstagramUITests;
			productReference = 0D6FC20C240CA031009A2616 /* ParstagramUITests.xctest */;
			productType = "com.apple.product-type.bundle.ui-testing";
		};
/* End PBXNativeTarget section */

/* Begin PBXProject section */
		0D6FC1E3240CA02B009A2616 /* Project object */ = {
			isa = PBXProject;
			attributes = {
				LastSwiftUpdateCheck = 1130;
				LastUpgradeCheck = 1130;
				ORGANIZATIONNAME = "Maya W";
				TargetAttributes = {
					0D6FC1EA240CA02B009A2616 = {
						CreatedOnToolsVersion = 11.3.1;
					};
					0D6FC200240CA030009A2616 = {
						CreatedOnToolsVersion = 11.3.1;
						TestTargetID = 0D6FC1EA240CA02B009A2616;
					};
					0D6FC20B240CA031009A2616 = {
						CreatedOnToolsVersion = 11.3.1;
						TestTargetID = 0D6FC1EA240CA02B009A2616;
					};
				};
			};
			buildConfigurationList = 0D6FC1E6240CA02B009A2616 /* Build configuration list for PBXProject "Parstagram" */;
			compatibilityVersion = "Xcode 9.3";
			developmentRegion = en;
			hasScannedForEncodings = 0;
			knownRegions = (
				en,
				Base,
			);
			mainGroup = 0D6FC1E2240CA02B009A2616;
			productRefGroup = 0D6FC1EC240CA02B009A2616 /* Products */;
			projectDirPath = "";
			projectRoot = "";
			targets = (
				0D6FC1EA240CA02B009A2616 /* Parstagram */,
				0D6FC200240CA030009A2616 /* ParstagramTests */,
				0D6FC20B240CA031009A2616 /* ParstagramUITests */,
			);
		};
/* End PBXProject section */

/* Begin PBXResourcesBuildPhase section */
		0D6FC1E9240CA02B009A2616 /* Resources */ = {
			isa = PBXResourcesBuildPhase;
			buildActionMask = 2147483647;
			files = (
				0D6FC1FB240CA030009A2616 /* LaunchScreen.storyboard in Resources */,
				0D6FC1F8240CA030009A2616 /* Assets.xcassets in Resources */,
				0D6FC1F6240CA02B009A2616 /* Main.storyboard in Resources */,
			);
			runOnlyForDeploymentPostprocessing = 0;
		};
		0D6FC1FF240CA030009A2616 /* Resources */ = {
			isa = PBXResourcesBuildPhase;
			buildActionMask = 2147483647;
			files = (
			);
			runOnlyForDeploymentPostprocessing = 0;
		};
		0D6FC20A240CA031009A2616 /* Resources */ = {
			isa = PBXResourcesBuildPhase;
			buildActionMask = 2147483647;
			files = (
			);
			runOnlyForDeploymentPostprocessing = 0;
		};
/* End PBXResourcesBuildPhase section */

/* Begin PBXShellScriptBuildPhase section */
		20696CE6E2761CE88CBB6229 /* [CP] Check Pods Manifest.lock */ = {
			isa = PBXShellScriptBuildPhase;
			buildActionMask = 2147483647;
			files = (
			);
			inputFileListPaths = (
			);
			inputPaths = (
				"${PODS_PODFILE_DIR_PATH}/Podfile.lock",
				"${PODS_ROOT}/Manifest.lock",
			);
			name = "[CP] Check Pods Manifest.lock";
			outputFileListPaths = (
			);
			outputPaths = (
				"$(DERIVED_FILE_DIR)/Pods-ParstagramTests-checkManifestLockResult.txt",
			);
			runOnlyForDeploymentPostprocessing = 0;
			shellPath = /bin/sh;
			shellScript = "diff \"${PODS_PODFILE_DIR_PATH}/Podfile.lock\" \"${PODS_ROOT}/Manifest.lock\" > /dev/null\nif [ $? != 0 ] ; then\n    # print error to STDERR\n    echo \"error: The sandbox is not in sync with the Podfile.lock. Run 'pod install' or update your CocoaPods installation.\" >&2\n    exit 1\nfi\n# This output is used by Xcode 'outputs' to avoid re-running this script phase.\necho \"SUCCESS\" > \"${SCRIPT_OUTPUT_FILE_0}\"\n";
			showEnvVarsInLog = 0;
		};
		AB014439F7ABEA41EB4380BD /* [CP] Embed Pods Frameworks */ = {
			isa = PBXShellScriptBuildPhase;
			buildActionMask = 2147483647;
			files = (
			);
			inputFileListPaths = (
				"${PODS_ROOT}/Target Support Files/Pods-Parstagram-ParstagramUITests/Pods-Parstagram-ParstagramUITests-frameworks-${CONFIGURATION}-input-files.xcfilelist",
			);
			name = "[CP] Embed Pods Frameworks";
			outputFileListPaths = (
				"${PODS_ROOT}/Target Support Files/Pods-Parstagram-ParstagramUITests/Pods-Parstagram-ParstagramUITests-frameworks-${CONFIGURATION}-output-files.xcfilelist",
			);
			runOnlyForDeploymentPostprocessing = 0;
			shellPath = /bin/sh;
			shellScript = "\"${PODS_ROOT}/Target Support Files/Pods-Parstagram-ParstagramUITests/Pods-Parstagram-ParstagramUITests-frameworks.sh\"\n";
			showEnvVarsInLog = 0;
		};
		C4847145D858B3AF81A34768 /* [CP] Check Pods Manifest.lock */ = {
			isa = PBXShellScriptBuildPhase;
			buildActionMask = 2147483647;
			files = (
			);
			inputFileListPaths = (
			);
			inputPaths = (
				"${PODS_PODFILE_DIR_PATH}/Podfile.lock",
				"${PODS_ROOT}/Manifest.lock",
			);
			name = "[CP] Check Pods Manifest.lock";
			outputFileListPaths = (
			);
			outputPaths = (
				"$(DERIVED_FILE_DIR)/Pods-Parstagram-ParstagramUITests-checkManifestLockResult.txt",
			);
			runOnlyForDeploymentPostprocessing = 0;
			shellPath = /bin/sh;
			shellScript = "diff \"${PODS_PODFILE_DIR_PATH}/Podfile.lock\" \"${PODS_ROOT}/Manifest.lock\" > /dev/null\nif [ $? != 0 ] ; then\n    # print error to STDERR\n    echo \"error: The sandbox is not in sync with the Podfile.lock. Run 'pod install' or update your CocoaPods installation.\" >&2\n    exit 1\nfi\n# This output is used by Xcode 'outputs' to avoid re-running this script phase.\necho \"SUCCESS\" > \"${SCRIPT_OUTPUT_FILE_0}\"\n";
			showEnvVarsInLog = 0;
		};
		D135DA22AB6F772EB4B0CE19 /* [CP] Check Pods Manifest.lock */ = {
			isa = PBXShellScriptBuildPhase;
			buildActionMask = 2147483647;
			files = (
			);
			inputFileListPaths = (
			);
			inputPaths = (
				"${PODS_PODFILE_DIR_PATH}/Podfile.lock",
				"${PODS_ROOT}/Manifest.lock",
			);
			name = "[CP] Check Pods Manifest.lock";
			outputFileListPaths = (
			);
			outputPaths = (
				"$(DERIVED_FILE_DIR)/Pods-Parstagram-checkManifestLockResult.txt",
			);
			runOnlyForDeploymentPostprocessing = 0;
			shellPath = /bin/sh;
			shellScript = "diff \"${PODS_PODFILE_DIR_PATH}/Podfile.lock\" \"${PODS_ROOT}/Manifest.lock\" > /dev/null\nif [ $? != 0 ] ; then\n    # print error to STDERR\n    echo \"error: The sandbox is not in sync with the Podfile.lock. Run 'pod install' or update your CocoaPods installation.\" >&2\n    exit 1\nfi\n# This output is used by Xcode 'outputs' to avoid re-running this script phase.\necho \"SUCCESS\" > \"${SCRIPT_OUTPUT_FILE_0}\"\n";
			showEnvVarsInLog = 0;
		};
		DE7443577C2C8730285AA1F6 /* [CP] Embed Pods Frameworks */ = {
			isa = PBXShellScriptBuildPhase;
			buildActionMask = 2147483647;
			files = (
			);
			inputFileListPaths = (
				"${PODS_ROOT}/Target Support Files/Pods-Parstagram/Pods-Parstagram-frameworks-${CONFIGURATION}-input-files.xcfilelist",
			);
			name = "[CP] Embed Pods Frameworks";
			outputFileListPaths = (
				"${PODS_ROOT}/Target Support Files/Pods-Parstagram/Pods-Parstagram-frameworks-${CONFIGURATION}-output-files.xcfilelist",
			);
			runOnlyForDeploymentPostprocessing = 0;
			shellPath = /bin/sh;
			shellScript = "\"${PODS_ROOT}/Target Support Files/Pods-Parstagram/Pods-Parstagram-frameworks.sh\"\n";
			showEnvVarsInLog = 0;
		};
/* End PBXShellScriptBuildPhase section */

/* Begin PBXSourcesBuildPhase section */
		0D6FC1E7240CA02B009A2616 /* Sources */ = {
			isa = PBXSourcesBuildPhase;
			buildActionMask = 2147483647;
			files = (
				0D6FC21F240CBA7E009A2616 /* LoginViewController.swift in Sources */,
				0D6FC223240CC652009A2616 /* CameraViewController.swift in Sources */,
				0D6FC1EF240CA02B009A2616 /* AppDelegate.swift in Sources */,
				0D6FC221240CBA8D009A2616 /* FeedViewController.swift in Sources */,
				0D6FC1F1240CA02B009A2616 /* SceneDelegate.swift in Sources */,
			);
			runOnlyForDeploymentPostprocessing = 0;
		};
		0D6FC1FD240CA030009A2616 /* Sources */ = {
			isa = PBXSourcesBuildPhase;
			buildActionMask = 2147483647;
			files = (
				0D6FC206240CA030009A2616 /* ParstagramTests.swift in Sources */,
			);
			runOnlyForDeploymentPostprocessing = 0;
		};
		0D6FC208240CA031009A2616 /* Sources */ = {
			isa = PBXSourcesBuildPhase;
			buildActionMask = 2147483647;
			files = (
				0D6FC211240CA031009A2616 /* ParstagramUITests.swift in Sources */,
			);
			runOnlyForDeploymentPostprocessing = 0;
		};
/* End PBXSourcesBuildPhase section */

/* Begin PBXTargetDependency section */
		0D6FC203240CA030009A2616 /* PBXTargetDependency */ = {
			isa = PBXTargetDependency;
			target = 0D6FC1EA240CA02B009A2616 /* Parstagram */;
			targetProxy = 0D6FC202240CA030009A2616 /* PBXContainerItemProxy */;
		};
		0D6FC20E240CA031009A2616 /* PBXTargetDependency */ = {
			isa = PBXTargetDependency;
			target = 0D6FC1EA240CA02B009A2616 /* Parstagram */;
			targetProxy = 0D6FC20D240CA031009A2616 /* PBXContainerItemProxy */;
		};
/* End PBXTargetDependency section */

/* Begin PBXVariantGroup section */
		0D6FC1F4240CA02B009A2616 /* Main.storyboard */ = {
			isa = PBXVariantGroup;
			children = (
				0D6FC1F5240CA02B009A2616 /* Base */,
			);
			name = Main.storyboard;
			sourceTree = "<group>";
		};
		0D6FC1F9240CA030009A2616 /* LaunchScreen.storyboard */ = {
			isa = PBXVariantGroup;
			children = (
				0D6FC1FA240CA030009A2616 /* Base */,
			);
			name = LaunchScreen.storyboard;
			sourceTree = "<group>";
		};
/* End PBXVariantGroup section */

/* Begin XCBuildConfiguration section */
		0D6FC213240CA031009A2616 /* Debug */ = {
			isa = XCBuildConfiguration;
			buildSettings = {
				ALWAYS_SEARCH_USER_PATHS = NO;
				CLANG_ANALYZER_NONNULL = YES;
				CLANG_ANALYZER_NUMBER_OBJECT_CONVERSION = YES_AGGRESSIVE;
				CLANG_CXX_LANGUAGE_STANDARD = "gnu++14";
				CLANG_CXX_LIBRARY = "libc++";
				CLANG_ENABLE_MODULES = YES;
				CLANG_ENABLE_OBJC_ARC = YES;
				CLANG_ENABLE_OBJC_WEAK = YES;
				CLANG_WARN_BLOCK_CAPTURE_AUTORELEASING = YES;
				CLANG_WARN_BOOL_CONVERSION = YES;
				CLANG_WARN_COMMA = YES;
				CLANG_WARN_CONSTANT_CONVERSION = YES;
				CLANG_WARN_DEPRECATED_OBJC_IMPLEMENTATIONS = YES;
				CLANG_WARN_DIRECT_OBJC_ISA_USAGE = YES_ERROR;
				CLANG_WARN_DOCUMENTATION_COMMENTS = YES;
				CLANG_WARN_EMPTY_BODY = YES;
				CLANG_WARN_ENUM_CONVERSION = YES;
				CLANG_WARN_INFINITE_RECURSION = YES;
				CLANG_WARN_INT_CONVERSION = YES;
				CLANG_WARN_NON_LITERAL_NULL_CONVERSION = YES;
				CLANG_WARN_OBJC_IMPLICIT_RETAIN_SELF = YES;
				CLANG_WARN_OBJC_LITERAL_CONVERSION = YES;
				CLANG_WARN_OBJC_ROOT_CLASS = YES_ERROR;
				CLANG_WARN_RANGE_LOOP_ANALYSIS = YES;
				CLANG_WARN_STRICT_PROTOTYPES = YES;
				CLANG_WARN_SUSPICIOUS_MOVE = YES;
				CLANG_WARN_UNGUARDED_AVAILABILITY = YES_AGGRESSIVE;
				CLANG_WARN_UNREACHABLE_CODE = YES;
				CLANG_WARN__DUPLICATE_METHOD_MATCH = YES;
				COPY_PHASE_STRIP = NO;
				DEBUG_INFORMATION_FORMAT = dwarf;
				ENABLE_STRICT_OBJC_MSGSEND = YES;
				ENABLE_TESTABILITY = YES;
				GCC_C_LANGUAGE_STANDARD = gnu11;
				GCC_DYNAMIC_NO_PIC = NO;
				GCC_NO_COMMON_BLOCKS = YES;
				GCC_OPTIMIZATION_LEVEL = 0;
				GCC_PREPROCESSOR_DEFINITIONS = (
					"DEBUG=1",
					"$(inherited)",
				);
				GCC_WARN_64_TO_32_BIT_CONVERSION = YES;
				GCC_WARN_ABOUT_RETURN_TYPE = YES_ERROR;
				GCC_WARN_UNDECLARED_SELECTOR = YES;
				GCC_WARN_UNINITIALIZED_AUTOS = YES_AGGRESSIVE;
				GCC_WARN_UNUSED_FUNCTION = YES;
				GCC_WARN_UNUSED_VARIABLE = YES;
				IPHONEOS_DEPLOYMENT_TARGET = 13.2;
				MTL_ENABLE_DEBUG_INFO = INCLUDE_SOURCE;
				MTL_FAST_MATH = YES;
				ONLY_ACTIVE_ARCH = YES;
				SDKROOT = iphoneos;
				SWIFT_ACTIVE_COMPILATION_CONDITIONS = DEBUG;
				SWIFT_OPTIMIZATION_LEVEL = "-Onone";
			};
			name = Debug;
		};
		0D6FC214240CA031009A2616 /* Release */ = {
			isa = XCBuildConfiguration;
			buildSettings = {
				ALWAYS_SEARCH_USER_PATHS = NO;
				CLANG_ANALYZER_NONNULL = YES;
				CLANG_ANALYZER_NUMBER_OBJECT_CONVERSION = YES_AGGRESSIVE;
				CLANG_CXX_LANGUAGE_STANDARD = "gnu++14";
				CLANG_CXX_LIBRARY = "libc++";
				CLANG_ENABLE_MODULES = YES;
				CLANG_ENABLE_OBJC_ARC = YES;
				CLANG_ENABLE_OBJC_WEAK = YES;
				CLANG_WARN_BLOCK_CAPTURE_AUTORELEASING = YES;
				CLANG_WARN_BOOL_CONVERSION = YES;
				CLANG_WARN_COMMA = YES;
				CLANG_WARN_CONSTANT_CONVERSION = YES;
				CLANG_WARN_DEPRECATED_OBJC_IMPLEMENTATIONS = YES;
				CLANG_WARN_DIRECT_OBJC_ISA_USAGE = YES_ERROR;
				CLANG_WARN_DOCUMENTATION_COMMENTS = YES;
				CLANG_WARN_EMPTY_BODY = YES;
				CLANG_WARN_ENUM_CONVERSION = YES;
				CLANG_WARN_INFINITE_RECURSION = YES;
				CLANG_WARN_INT_CONVERSION = YES;
				CLANG_WARN_NON_LITERAL_NULL_CONVERSION = YES;
				CLANG_WARN_OBJC_IMPLICIT_RETAIN_SELF = YES;
				CLANG_WARN_OBJC_LITERAL_CONVERSION = YES;
				CLANG_WARN_OBJC_ROOT_CLASS = YES_ERROR;
				CLANG_WARN_RANGE_LOOP_ANALYSIS = YES;
				CLANG_WARN_STRICT_PROTOTYPES = YES;
				CLANG_WARN_SUSPICIOUS_MOVE = YES;
				CLANG_WARN_UNGUARDED_AVAILABILITY = YES_AGGRESSIVE;
				CLANG_WARN_UNREACHABLE_CODE = YES;
				CLANG_WARN__DUPLICATE_METHOD_MATCH = YES;
				COPY_PHASE_STRIP = NO;
				DEBUG_INFORMATION_FORMAT = "dwarf-with-dsym";
				ENABLE_NS_ASSERTIONS = NO;
				ENABLE_STRICT_OBJC_MSGSEND = YES;
				GCC_C_LANGUAGE_STANDARD = gnu11;
				GCC_NO_COMMON_BLOCKS = YES;
				GCC_WARN_64_TO_32_BIT_CONVERSION = YES;
				GCC_WARN_ABOUT_RETURN_TYPE = YES_ERROR;
				GCC_WARN_UNDECLARED_SELECTOR = YES;
				GCC_WARN_UNINITIALIZED_AUTOS = YES_AGGRESSIVE;
				GCC_WARN_UNUSED_FUNCTION = YES;
				GCC_WARN_UNUSED_VARIABLE = YES;
				IPHONEOS_DEPLOYMENT_TARGET = 13.2;
				MTL_ENABLE_DEBUG_INFO = NO;
				MTL_FAST_MATH = YES;
				SDKROOT = iphoneos;
				SWIFT_COMPILATION_MODE = wholemodule;
				SWIFT_OPTIMIZATION_LEVEL = "-O";
				VALIDATE_PRODUCT = YES;
			};
			name = Release;
		};
		0D6FC216240CA031009A2616 /* Debug */ = {
			isa = XCBuildConfiguration;
			baseConfigurationReference = 2141687793A82EC0855C7D84 /* Pods-Parstagram.debug.xcconfig */;
			buildSettings = {
				ASSETCATALOG_COMPILER_APPICON_NAME = AppIcon;
				CODE_SIGN_STYLE = Automatic;
				DEVELOPMENT_TEAM = X33MS7NB3J;
				INFOPLIST_FILE = Parstagram/Info.plist;
				LD_RUNPATH_SEARCH_PATHS = (
					"$(inherited)",
					"@executable_path/Frameworks",
				);
				PRODUCT_BUNDLE_IDENTIFIER = proj.Parstagram;
				PRODUCT_NAME = "$(TARGET_NAME)";
				SWIFT_VERSION = 5.0;
				TARGETED_DEVICE_FAMILY = "1,2";
			};
			name = Debug;
		};
		0D6FC217240CA031009A2616 /* Release */ = {
			isa = XCBuildConfiguration;
			baseConfigurationReference = 0BE30238699CB8A9523807EB /* Pods-Parstagram.release.xcconfig */;
			buildSettings = {
				ASSETCATALOG_COMPILER_APPICON_NAME = AppIcon;
				CODE_SIGN_STYLE = Automatic;
				DEVELOPMENT_TEAM = X33MS7NB3J;
				INFOPLIST_FILE = Parstagram/Info.plist;
				LD_RUNPATH_SEARCH_PATHS = (
					"$(inherited)",
					"@executable_path/Frameworks",
				);
				PRODUCT_BUNDLE_IDENTIFIER = proj.Parstagram;
				PRODUCT_NAME = "$(TARGET_NAME)";
				SWIFT_VERSION = 5.0;
				TARGETED_DEVICE_FAMILY = "1,2";
			};
			name = Release;
		};
		0D6FC219240CA031009A2616 /* Debug */ = {
			isa = XCBuildConfiguration;
			baseConfigurationReference = D2749E64659AA0D15758132A /* Pods-ParstagramTests.debug.xcconfig */;
			buildSettings = {
				ALWAYS_EMBED_SWIFT_STANDARD_LIBRARIES = YES;
				BUNDLE_LOADER = "$(TEST_HOST)";
				CODE_SIGN_STYLE = Automatic;
				DEVELOPMENT_TEAM = X33MS7NB3J;
				INFOPLIST_FILE = ParstagramTests/Info.plist;
				IPHONEOS_DEPLOYMENT_TARGET = 13.2;
				LD_RUNPATH_SEARCH_PATHS = (
					"$(inherited)",
					"@executable_path/Frameworks",
					"@loader_path/Frameworks",
				);
				PRODUCT_BUNDLE_IDENTIFIER = proj.ParstagramTests;
				PRODUCT_NAME = "$(TARGET_NAME)";
				SWIFT_VERSION = 5.0;
				TARGETED_DEVICE_FAMILY = "1,2";
				TEST_HOST = "$(BUILT_PRODUCTS_DIR)/Parstagram.app/Parstagram";
			};
			name = Debug;
		};
		0D6FC21A240CA031009A2616 /* Release */ = {
			isa = XCBuildConfiguration;
			baseConfigurationReference = 7538FB687CE6A7C67A12FF5F /* Pods-ParstagramTests.release.xcconfig */;
			buildSettings = {
				ALWAYS_EMBED_SWIFT_STANDARD_LIBRARIES = YES;
				BUNDLE_LOADER = "$(TEST_HOST)";
				CODE_SIGN_STYLE = Automatic;
				DEVELOPMENT_TEAM = X33MS7NB3J;
				INFOPLIST_FILE = ParstagramTests/Info.plist;
				IPHONEOS_DEPLOYMENT_TARGET = 13.2;
				LD_RUNPATH_SEARCH_PATHS = (
					"$(inherited)",
					"@executable_path/Frameworks",
					"@loader_path/Frameworks",
				);
				PRODUCT_BUNDLE_IDENTIFIER = proj.ParstagramTests;
				PRODUCT_NAME = "$(TARGET_NAME)";
				SWIFT_VERSION = 5.0;
				TARGETED_DEVICE_FAMILY = "1,2";
				TEST_HOST = "$(BUILT_PRODUCTS_DIR)/Parstagram.app/Parstagram";
			};
			name = Release;
		};
		0D6FC21C240CA031009A2616 /* Debug */ = {
			isa = XCBuildConfiguration;
			baseConfigurationReference = D3F50322165835AF080BD73F /* Pods-Parstagram-ParstagramUITests.debug.xcconfig */;
			buildSettings = {
				ALWAYS_EMBED_SWIFT_STANDARD_LIBRARIES = YES;
				CODE_SIGN_STYLE = Automatic;
				DEVELOPMENT_TEAM = X33MS7NB3J;
				INFOPLIST_FILE = ParstagramUITests/Info.plist;
				LD_RUNPATH_SEARCH_PATHS = (
					"$(inherited)",
					"@executable_path/Frameworks",
					"@loader_path/Frameworks",
				);
				PRODUCT_BUNDLE_IDENTIFIER = proj.ParstagramUITests;
				PRODUCT_NAME = "$(TARGET_NAME)";
				SWIFT_VERSION = 5.0;
				TARGETED_DEVICE_FAMILY = "1,2";
				TEST_TARGET_NAME = Parstagram;
			};
			name = Debug;
		};
		0D6FC21D240CA031009A2616 /* Release */ = {
			isa = XCBuildConfiguration;
			baseConfigurationReference = 318851115D75C81DF8B706EF /* Pods-Parstagram-ParstagramUITests.release.xcconfig */;
			buildSettings = {
				ALWAYS_EMBED_SWIFT_STANDARD_LIBRARIES = YES;
				CODE_SIGN_STYLE = Automatic;
				DEVELOPMENT_TEAM = X33MS7NB3J;
				INFOPLIST_FILE = ParstagramUITests/Info.plist;
				LD_RUNPATH_SEARCH_PATHS = (
					"$(inherited)",
					"@executable_path/Frameworks",
					"@loader_path/Frameworks",
				);
				PRODUCT_BUNDLE_IDENTIFIER = proj.ParstagramUITests;
				PRODUCT_NAME = "$(TARGET_NAME)";
				SWIFT_VERSION = 5.0;
				TARGETED_DEVICE_FAMILY = "1,2";
				TEST_TARGET_NAME = Parstagram;
			};
			name = Release;
		};
/* End XCBuildConfiguration section */

/* Begin XCConfigurationList section */
		0D6FC1E6240CA02B009A2616 /* Build configuration list for PBXProject "Parstagram" */ = {
			isa = XCConfigurationList;
			buildConfigurations = (
				0D6FC213240CA031009A2616 /* Debug */,
				0D6FC214240CA031009A2616 /* Release */,
			);
			defaultConfigurationIsVisible = 0;
			defaultConfigurationName = Release;
		};
		0D6FC215240CA031009A2616 /* Build configuration list for PBXNativeTarget "Parstagram" */ = {
			isa = XCConfigurationList;
			buildConfigurations = (
				0D6FC216240CA031009A2616 /* Debug */,
				0D6FC217240CA031009A2616 /* Release */,
			);
			defaultConfigurationIsVisible = 0;
			defaultConfigurationName = Release;
		};
		0D6FC218240CA031009A2616 /* Build configuration list for PBXNativeTarget "ParstagramTests" */ = {
			isa = XCConfigurationList;
			buildConfigurations = (
				0D6FC219240CA031009A2616 /* Debug */,
				0D6FC21A240CA031009A2616 /* Release */,
			);
			defaultConfigurationIsVisible = 0;
			defaultConfigurationName = Release;
		};
		0D6FC21B240CA031009A2616 /* Build configuration list for PBXNativeTarget "ParstagramUITests" */ = {
			isa = XCConfigurationList;
			buildConfigurations = (
				0D6FC21C240CA031009A2616 /* Debug */,
				0D6FC21D240CA031009A2616 /* Release */,
			);
			defaultConfigurationIsVisible = 0;
			defaultConfigurationName = Release;
		};
/* End XCConfigurationList section */
	};
	rootObject = 0D6FC1E3240CA02B009A2616 /* Project object */;
}
